
Microsoft Visual Studio Solution File, Format Version 12.00
# Visual Studio 2013
VisualStudioVersion = 12.0.30501.0
MinimumVisualStudioVersion = 10.0.40219.1
Project("{FAE04EC0-301F-11D3-BF4B-00C04F79EFBC}") = "ImageResizer", "ImageResizer.csproj", "{129F8710-87D8-408F-9E6E-DA896A6435D0}"
EndProject
Global
	GlobalSection(SolutionConfigurationPlatforms) = preSolution
		Debug|Any CPU = Debug|Any CPU
		Release|Any CPU = Release|Any CPU
	EndGlobalSection
	GlobalSection(ProjectConfigurationPlatforms) = postSolution
		{129F8710-87D8-408F-9E6E-DA896A6435D0}.Debug|Any CPU.ActiveCfg = Debug|Any CPU
		{129F8710-87D8-408F-9E6E-DA896A6435D0}.Debug|Any CPU.Build.0 = Debug|Any CPU
		{129F8710-87D8-408F-9E6E-DA896A6435D0}.Release|Any CPU.ActiveCfg = Release|Any CPU
		{129F8710-87D8-408F-9E6E-DA896A6435D0}.Release|Any CPU.Build.0 = Release|Any CPU
	EndGlobalSection
	GlobalSection(SolutionProperties) = preSolution
		HideSolutionNode = FALSE
	EndGlobalSection
EndGlobal
